
Microsoft Visual Studio Solution File, Format Version 12.00
# Visual Studio 15
VisualStudioVersion = 15.0.27703.2018
MinimumVisualStudioVersion = 10.0.40219.1
Project("{FAE04EC0-301F-11D3-BF4B-00C04F79EFBC}") = "Server", "Server\Server.csproj", "{7AF5BC9D-D51E-4836-89E8-AD922CB2ABE2}"
EndProject
Project("{FAE04EC0-301F-11D3-BF4B-00C04F79EFBC}") = "Client", "Client\Client.csproj", "{13532D11-8691-45D2-8FCB-8BA360CB6700}"
EndProject
Project("{2150E333-8FDC-42A3-9474-1A3956D46DE8}") = "Apps", "Apps", "{C71EA504-C63C-4F53-AEBA-B74D9F77C0FF}"
EndProject
Project("{2150E333-8FDC-42A3-9474-1A3956D46DE8}") = "Libs", "Libs", "{6A61A369-6E54-48D8-9262-F06095423F55}"
EndProject
Project("{FAE04EC0-301F-11D3-BF4B-00C04F79EFBC}") = "Base", "Base\Base.csproj", "{073ED214-2ADD-46C6-8404-437194C1B163}"
EndProject
Global
	GlobalSection(SolutionConfigurationPlatforms) = preSolution
		Debug|Any CPU = Debug|Any CPU
		Release|Any CPU = Release|Any CPU
	EndGlobalSection
	GlobalSection(ProjectConfigurationPlatforms) = postSolution
		{7AF5BC9D-D51E-4836-89E8-AD922CB2ABE2}.Debug|Any CPU.ActiveCfg = Debug|Any CPU
		{7AF5BC9D-D51E-4836-89E8-AD922CB2ABE2}.Debug|Any CPU.Build.0 = Debug|Any CPU
		{7AF5BC9D-D51E-4836-89E8-AD922CB2ABE2}.Release|Any CPU.ActiveCfg = Release|Any CPU
		{7AF5BC9D-D51E-4836-89E8-AD922CB2ABE2}.Release|Any CPU.Build.0 = Release|Any CPU
		{13532D11-8691-45D2-8FCB-8BA360CB6700}.Debug|Any CPU.ActiveCfg = Debug|Any CPU
		{13532D11-8691-45D2-8FCB-8BA360CB6700}.Debug|Any CPU.Build.0 = Debug|Any CPU
		{13532D11-8691-45D2-8FCB-8BA360CB6700}.Release|Any CPU.ActiveCfg = Release|Any CPU
		{13532D11-8691-45D2-8FCB-8BA360CB6700}.Release|Any CPU.Build.0 = Release|Any CPU
		{073ED214-2ADD-46C6-8404-437194C1B163}.Debug|Any CPU.ActiveCfg = Debug|Any CPU
		{073ED214-2ADD-46C6-8404-437194C1B163}.Debug|Any CPU.Build.0 = Debug|Any CPU
		{073ED214-2ADD-46C6-8404-437194C1B163}.Release|Any CPU.ActiveCfg = Release|Any CPU
		{073ED214-2ADD-46C6-8404-437194C1B163}.Release|Any CPU.Build.0 = Release|Any CPU
	EndGlobalSection
	GlobalSection(SolutionProperties) = preSolution
		HideSolutionNode = FALSE
	EndGlobalSection
	GlobalSection(NestedProjects) = preSolution
		{7AF5BC9D-D51E-4836-89E8-AD922CB2ABE2} = {C71EA504-C63C-4F53-AEBA-B74D9F77C0FF}
		{13532D11-8691-45D2-8FCB-8BA360CB6700} = {C71EA504-C63C-4F53-AEBA-B74D9F77C0FF}
		{073ED214-2ADD-46C6-8404-437194C1B163} = {6A61A369-6E54-48D8-9262-F06095423F55}
	EndGlobalSection
	GlobalSection(ExtensibilityGlobals) = postSolution
		SolutionGuid = {D7BB8489-F48C-4E6C-85B0-B9C0460AB075}
	EndGlobalSection
EndGlobal
